
Microsoft Visual Studio Solution File, Format Version 12.00
# Visual Studio 14
VisualStudioVersion = 14.0.25420.1
MinimumVisualStudioVersion = 10.0.40219.1
Project("{FAE04EC0-301F-11D3-BF4B-00C04F79EFBC}") = "FetchAndStore", "FetchAndStore\FetchAndStore.csproj", "{DF4D711A-2C46-420B-B3E3-0D091A917DB5}"
EndProject
Project("{FAE04EC0-301F-11D3-BF4B-00C04F79EFBC}") = "FetchAndStore.Tests", "FetchAndStore.Tests\FetchAndStore.Tests.csproj", "{5B859558-9E57-4098-B580-8B80BA378019}"
EndProject
Global
	GlobalSection(SolutionConfigurationPlatforms) = preSolution
		Debug|Any CPU = Debug|Any CPU
		Release|Any CPU = Release|Any CPU
	EndGlobalSection
	GlobalSection(ProjectConfigurationPlatforms) = postSolution
		{DF4D711A-2C46-420B-B3E3-0D091A917DB5}.Debug|Any CPU.ActiveCfg = Debug|Any CPU
		{DF4D711A-2C46-420B-B3E3-0D091A917DB5}.Debug|Any CPU.Build.0 = Debug|Any CPU
		{DF4D711A-2C46-420B-B3E3-0D091A917DB5}.Release|Any CPU.ActiveCfg = Release|Any CPU
		{DF4D711A-2C46-420B-B3E3-0D091A917DB5}.Release|Any CPU.Build.0 = Release|Any CPU
		{5B859558-9E57-4098-B580-8B80BA378019}.Debug|Any CPU.ActiveCfg = Debug|Any CPU
		{5B859558-9E57-4098-B580-8B80BA378019}.Debug|Any CPU.Build.0 = Debug|Any CPU
		{5B859558-9E57-4098-B580-8B80BA378019}.Release|Any CPU.ActiveCfg = Release|Any CPU
		{5B859558-9E57-4098-B580-8B80BA378019}.Release|Any CPU.Build.0 = Release|Any CPU
	EndGlobalSection
	GlobalSection(SolutionProperties) = preSolution
		HideSolutionNode = FALSE
	EndGlobalSection
EndGlobal
